{
  "name": "brax-editable",
  "version": "1.0.0",
  "lockfileVersion": 1,
  "requires": true,
  "dependencies": {
    "lodash": {
      "version": "4.17.4",
      "resolved": "https://registry.npmjs.org/lodash/-/lodash-4.17.4.tgz",
      "integrity": "sha1-eCA6TRwyiuHYbcpkYONptX9AVa4="
    },
    "selectivity": {
      "version": "3.0.6",
      "resolved": "https://registry.npmjs.org/selectivity/-/selectivity-3.0.6.tgz",
      "integrity": "sha512-oQgQMLWbzTGSmXi/gFJbHcLpLKGIYkRQGmwNWr+Y/qn88vtthJd91hWIP6UXPjxkB/CYSXcDrs0mYbQ7zTViXg==",
      "requires": {
        "lodash": "4.17.4"
      }
    }
  }
}
